
Microsoft Visual Studio Solution File, Format Version 12.00
# Visual Studio Version 17
VisualStudioVersion = 17.2.32630.192
MinimumVisualStudioVersion = 10.0.40219.1
Project("{FAE04EC0-301F-11D3-BF4B-00C04F79EFBC}") = "ModLoader", "ModLoader\ModLoader.csproj", "{932FB3E3-2A7D-4CAD-B855-31AD15CD3654}"
EndProject
Project("{9A19103F-16F7-4668-BE54-9A1E7A4F7556}") = "SUCC", "..\SUCC\SUCC\SUCC.csproj", "{D3BEF068-09FF-494C-BCCC-A6E11EDB689D}"
EndProject
Global
	GlobalSection(SolutionConfigurationPlatforms) = preSolution
		Debug|Any CPU = Debug|Any CPU
		Release|Any CPU = Release|Any CPU
	EndGlobalSection
	GlobalSection(ProjectConfigurationPlatforms) = postSolution
		{932FB3E3-2A7D-4CAD-B855-31AD15CD3654}.Debug|Any CPU.ActiveCfg = Debug|Any CPU
		{932FB3E3-2A7D-4CAD-B855-31AD15CD3654}.Debug|Any CPU.Build.0 = Debug|Any CPU
		{932FB3E3-2A7D-4CAD-B855-31AD15CD3654}.Release|Any CPU.ActiveCfg = Release|Any CPU
		{932FB3E3-2A7D-4CAD-B855-31AD15CD3654}.Release|Any CPU.Build.0 = Release|Any CPU
		{D3BEF068-09FF-494C-BCCC-A6E11EDB689D}.Debug|Any CPU.ActiveCfg = Debug|Any CPU
		{D3BEF068-09FF-494C-BCCC-A6E11EDB689D}.Debug|Any CPU.Build.0 = Debug|Any CPU
		{D3BEF068-09FF-494C-BCCC-A6E11EDB689D}.Release|Any CPU.ActiveCfg = Release|Any CPU
		{D3BEF068-09FF-494C-BCCC-A6E11EDB689D}.Release|Any CPU.Build.0 = Release|Any CPU
	EndGlobalSection
	GlobalSection(SolutionProperties) = preSolution
		HideSolutionNode = FALSE
	EndGlobalSection
	GlobalSection(ExtensibilityGlobals) = postSolution
		SolutionGuid = {C648FC2C-2DA6-4FD6-82F8-FA4ADBE14B46}
	EndGlobalSection
EndGlobal
